
Microsoft Visual Studio Solution File, Format Version 12.00
# Visual Studio Version 16
VisualStudioVersion = 16.0.31605.320
MinimumVisualStudioVersion = 10.0.40219.1
Project("{FAE04EC0-301F-11D3-BF4B-00C04F79EFBC}") = "winform-country-exercise", "winform-country-exercise\winform-country-exercise.csproj", "{F1E938FB-3C81-4E85-8405-9F33E45D1844}"
EndProject
Global
	GlobalSection(SolutionConfigurationPlatforms) = preSolution
		Debug|Any CPU = Debug|Any CPU
		Release|Any CPU = Release|Any CPU
	EndGlobalSection
	GlobalSection(ProjectConfigurationPlatforms) = postSolution
		{F1E938FB-3C81-4E85-8405-9F33E45D1844}.Debug|Any CPU.ActiveCfg = Debug|Any CPU
		{F1E938FB-3C81-4E85-8405-9F33E45D1844}.Debug|Any CPU.Build.0 = Debug|Any CPU
		{F1E938FB-3C81-4E85-8405-9F33E45D1844}.Release|Any CPU.ActiveCfg = Release|Any CPU
		{F1E938FB-3C81-4E85-8405-9F33E45D1844}.Release|Any CPU.Build.0 = Release|Any CPU
	EndGlobalSection
	GlobalSection(SolutionProperties) = preSolution
		HideSolutionNode = FALSE
	EndGlobalSection
	GlobalSection(ExtensibilityGlobals) = postSolution
		SolutionGuid = {4CCAB3C3-23BB-4148-86D9-AF1C901C768C}
	EndGlobalSection
EndGlobal
